// !$*UTF8*$!
{
	archiveVersion = 1;
	classes = {
	};
	objectVersion = 54;
	objects = {

/* Begin PBXBuildFile section */
		22853015200EEA95008AD97F /* Command.swift in Sources */ = {isa = PBXBuildFile; fileRef = 22853014200EEA95008AD97F /* Command.swift */; };
		22853017200EEA9D008AD97F /* CommandType.swift in Sources */ = {isa = PBXBuildFile; fileRef = 22853016200EEA9D008AD97F /* CommandType.swift */; };
		22853019200EEBD2008AD97F /* Numerics+DisplayArranger.swift in Sources */ = {isa = PBXBuildFile; fileRef = 22853018200EEBD2008AD97F /* Numerics+DisplayArranger.swift */; };
		229C64012008583400F74A1D /* main.swift in Sources */ = {isa = PBXBuildFile; fileRef = 229C64002008583400F74A1D /* main.swift */; };
		229C64092008638000F74A1D /* ScreenPosition.swift in Sources */ = {isa = PBXBuildFile; fileRef = 229C64082008638000F74A1D /* ScreenPosition.swift */; };
		229C64122008992500F74A1D /* PointerArray.swift in Sources */ = {isa = PBXBuildFile; fileRef = 229C64112008992500F74A1D /* PointerArray.swift */; };
		229C64142008999200F74A1D /* DisplayArranger+Mouse.swift in Sources */ = {isa = PBXBuildFile; fileRef = 229C64132008999200F74A1D /* DisplayArranger+Mouse.swift */; };
		229C6417200899E700F74A1D /* DisplayArranger+TextOutput.swift in Sources */ = {isa = PBXBuildFile; fileRef = 229C6416200899E700F74A1D /* DisplayArranger+TextOutput.swift */; };
		229C641920089A0B00F74A1D /* DisplayArranger+DisplayInfo.swift in Sources */ = {isa = PBXBuildFile; fileRef = 229C641820089A0B00F74A1D /* DisplayArranger+DisplayInfo.swift */; };
		229C641B20089A4B00F74A1D /* DisplayArranger+DisplayIds.swift in Sources */ = {isa = PBXBuildFile; fileRef = 229C641A20089A4B00F74A1D /* DisplayArranger+DisplayIds.swift */; };
		229C641D20089AB000F74A1D /* DisplayArranger+ScreenPosition.swift in Sources */ = {isa = PBXBuildFile; fileRef = 229C641C20089AB000F74A1D /* DisplayArranger+ScreenPosition.swift */; };
		229C642020089CE700F74A1D /* Dictionary+DisplayArranger.swift in Sources */ = {isa = PBXBuildFile; fileRef = 229C641F20089CE700F74A1D /* Dictionary+DisplayArranger.swift */; };
		229C6422200915E000F74A1D /* DisplayInfo.swift in Sources */ = {isa = PBXBuildFile; fileRef = 229C6421200915E000F74A1D /* DisplayInfo.swift */; };
		229C6424200929B400F74A1D /* DisplayArrangerError.swift in Sources */ = {isa = PBXBuildFile; fileRef = 229C6423200929B400F74A1D /* DisplayArrangerError.swift */; };
		22EAA2B72009695F005D39B8 /* Pointer.swift in Sources */ = {isa = PBXBuildFile; fileRef = 22EAA2B62009695F005D39B8 /* Pointer.swift */; };
		22EAA2BA2009AA31005D39B8 /* ScreenPositions+Allowed.swift in Sources */ = {isa = PBXBuildFile; fileRef = 22EAA2B92009AA31005D39B8 /* ScreenPositions+Allowed.swift */; };
		22EAA2BD2009AAA1005D39B8 /* ScreenPosition+Origin.swift in Sources */ = {isa = PBXBuildFile; fileRef = 22EAA2BC2009AAA1005D39B8 /* ScreenPosition+Origin.swift */; };
		22EAA2BF200C419C005D39B8 /* ArgumentRouter.swift in Sources */ = {isa = PBXBuildFile; fileRef = 22EAA2BE200C419C005D39B8 /* ArgumentRouter.swift */; };
		22EAA2C1200DE1E4005D39B8 /* PositionConfig.swift in Sources */ = {isa = PBXBuildFile; fileRef = 22EAA2C0200DE1E4005D39B8 /* PositionConfig.swift */; };
		22EAA2C3200DE20A005D39B8 /* IntendedPosition.swift in Sources */ = {isa = PBXBuildFile; fileRef = 22EAA2C2200DE20A005D39B8 /* IntendedPosition.swift */; };
/* End PBXBuildFile section */

/* Begin PBXCopyFilesBuildPhase section */
		229C63FB2008583400F74A1D /* CopyFiles */ = {
			isa = PBXCopyFilesBuildPhase;
			buildActionMask = 2147483647;
			dstPath = /usr/share/man/man1/;
			dstSubfolderSpec = 0;
			files = (
			);
			runOnlyForDeploymentPostprocessing = 1;
		};
/* End PBXCopyFilesBuildPhase section */

/* Begin PBXFileReference section */
		22853014200EEA95008AD97F /* Command.swift */ = {isa = PBXFileReference; lastKnownFileType = sourcecode.swift; path = Command.swift; sourceTree = "<group>"; };
		22853016200EEA9D008AD97F /* CommandType.swift */ = {isa = PBXFileReference; lastKnownFileType = sourcecode.swift; path = CommandType.swift; sourceTree = "<group>"; };
		22853018200EEBD2008AD97F /* Numerics+DisplayArranger.swift */ = {isa = PBXFileReference; lastKnownFileType = sourcecode.swift; path = "Numerics+DisplayArranger.swift"; sourceTree = "<group>"; };
		2285301A200F1B94008AD97F /* Info.plist */ = {isa = PBXFileReference; lastKnownFileType = text.plist.xml; path = Info.plist; sourceTree = "<group>"; };
		229C63FD2008583400F74A1D /* display-arranger */ = {isa = PBXFileReference; explicitFileType = "compiled.mach-o.executable"; includeInIndex = 0; path = "display-arranger"; sourceTree = BUILT_PRODUCTS_DIR; };
		229C64002008583400F74A1D /* main.swift */ = {isa = PBXFileReference; lastKnownFileType = sourcecode.swift; path = main.swift; sourceTree = "<group>"; };
		229C64082008638000F74A1D /* ScreenPosition.swift */ = {isa = PBXFileReference; lastKnownFileType = sourcecode.swift; path = ScreenPosition.swift; sourceTree = "<group>"; };
		229C64112008992500F74A1D /* PointerArray.swift */ = {isa = PBXFileReference; lastKnownFileType = sourcecode.swift; path = PointerArray.swift; sourceTree = "<group>"; };
		229C64132008999200F74A1D /* DisplayArranger+Mouse.swift */ = {isa = PBXFileReference; lastKnownFileType = sourcecode.swift; path = "DisplayArranger+Mouse.swift"; sourceTree = "<group>"; };
		229C6416200899E700F74A1D /* DisplayArranger+TextOutput.swift */ = {isa = PBXFileReference; lastKnownFileType = sourcecode.swift; path = "DisplayArranger+TextOutput.swift"; sourceTree = "<group>"; };
		229C641820089A0B00F74A1D /* DisplayArranger+DisplayInfo.swift */ = {isa = PBXFileReference; lastKnownFileType = sourcecode.swift; path = "DisplayArranger+DisplayInfo.swift"; sourceTree = "<group>"; };
		229C641A20089A4B00F74A1D /* DisplayArranger+DisplayIds.swift */ = {isa = PBXFileReference; lastKnownFileType = sourcecode.swift; path = "DisplayArranger+DisplayIds.swift"; sourceTree = "<group>"; };
		229C641C20089AB000F74A1D /* DisplayArranger+ScreenPosition.swift */ = {isa = PBXFileReference; lastKnownFileType = sourcecode.swift; path = "DisplayArranger+ScreenPosition.swift"; sourceTree = "<group>"; };
		229C641F20089CE700F74A1D /* Dictionary+DisplayArranger.swift */ = {isa = PBXFileReference; lastKnownFileType = sourcecode.swift; path = "Dictionary+DisplayArranger.swift"; sourceTree = "<group>"; };
		229C6421200915E000F74A1D /* DisplayInfo.swift */ = {isa = PBXFileReference; lastKnownFileType = sourcecode.swift; path = DisplayInfo.swift; sourceTree = "<group>"; };
		229C6423200929B400F74A1D /* DisplayArrangerError.swift */ = {isa = PBXFileReference; lastKnownFileType = sourcecode.swift; path = DisplayArrangerError.swift; sourceTree = "<group>"; };
		22EAA2B62009695F005D39B8 /* Pointer.swift */ = {isa = PBXFileReference; lastKnownFileType = sourcecode.swift; path = Pointer.swift; sourceTree = "<group>"; };
		22EAA2B92009AA31005D39B8 /* ScreenPositions+Allowed.swift */ = {isa = PBXFileReference; lastKnownFileType = sourcecode.swift; path = "ScreenPositions+Allowed.swift"; sourceTree = "<group>"; };
		22EAA2BC2009AAA1005D39B8 /* ScreenPosition+Origin.swift */ = {isa = PBXFileReference; lastKnownFileType = sourcecode.swift; path = "ScreenPosition+Origin.swift"; sourceTree = "<group>"; };
		22EAA2BE200C419C005D39B8 /* ArgumentRouter.swift */ = {isa = PBXFileReference; lastKnownFileType = sourcecode.swift; path = ArgumentRouter.swift; sourceTree = "<group>"; };
		22EAA2C0200DE1E4005D39B8 /* PositionConfig.swift */ = {isa = PBXFileReference; lastKnownFileType = sourcecode.swift; path = PositionConfig.swift; sourceTree = "<group>"; };
		22EAA2C2200DE20A005D39B8 /* IntendedPosition.swift */ = {isa = PBXFileReference; lastKnownFileType = sourcecode.swift; path = IntendedPosition.swift; sourceTree = "<group>"; };
/* End PBXFileReference section */

/* Begin PBXFrameworksBuildPhase section */
		229C63FA2008583400F74A1D /* Frameworks */ = {
			isa = PBXFrameworksBuildPhase;
			buildActionMask = 2147483647;
			files = (
			);
			runOnlyForDeploymentPostprocessing = 0;
		};
/* End PBXFrameworksBuildPhase section */

/* Begin PBXGroup section */
		22853013200EEA83008AD97F /* ArgumentRouter */ = {
			isa = PBXGroup;
			children = (
				22EAA2BE200C419C005D39B8 /* ArgumentRouter.swift */,
				22853014200EEA95008AD97F /* Command.swift */,
				22853016200EEA9D008AD97F /* CommandType.swift */,
			);
			path = ArgumentRouter;
			sourceTree = "<group>";
		};
		229C63F42008583400F74A1D = {
			isa = PBXGroup;
			children = (
				229DF2FF2D6CD01D00993632 /* Sources */,
				229C63FE2008583400F74A1D /* Products */,
			);
			sourceTree = "<group>";
		};
		229C63FE2008583400F74A1D /* Products */ = {
			isa = PBXGroup;
			children = (
				229C63FD2008583400F74A1D /* display-arranger */,
			);
			name = Products;
			sourceTree = "<group>";
		};
		229C63FF2008583400F74A1D /* DisplayArranger */ = {
			isa = PBXGroup;
			children = (
				229C64002008583400F74A1D /* main.swift */,
				22853013200EEA83008AD97F /* ArgumentRouter */,
				229C6415200899A700F74A1D /* Core */,
				229C64072008636A00F74A1D /* Models */,
				229C641E20089CD000F74A1D /* Extensions */,
				2285301A200F1B94008AD97F /* Info.plist */,
			);
			path = DisplayArranger;
			sourceTree = "<group>";
		};
		229C64072008636A00F74A1D /* Models */ = {
			isa = PBXGroup;
			children = (
				22EAA2B82009A8F9005D39B8 /* Pointer */,
				22EAA2BB2009AA78005D39B8 /* ScreenPosition */,
				229C6421200915E000F74A1D /* DisplayInfo.swift */,
				229C6423200929B400F74A1D /* DisplayArrangerError.swift */,
				22EAA2C0200DE1E4005D39B8 /* PositionConfig.swift */,
				22EAA2C2200DE20A005D39B8 /* IntendedPosition.swift */,
			);
			path = Models;
			sourceTree = "<group>";
		};
		229C6415200899A700F74A1D /* Core */ = {
			isa = PBXGroup;
			children = (
				229C64132008999200F74A1D /* DisplayArranger+Mouse.swift */,
				229C6416200899E700F74A1D /* DisplayArranger+TextOutput.swift */,
				229C641820089A0B00F74A1D /* DisplayArranger+DisplayInfo.swift */,
				229C641A20089A4B00F74A1D /* DisplayArranger+DisplayIds.swift */,
				229C641C20089AB000F74A1D /* DisplayArranger+ScreenPosition.swift */,
			);
			path = Core;
			sourceTree = "<group>";
		};
		229C641E20089CD000F74A1D /* Extensions */ = {
			isa = PBXGroup;
			children = (
				229C641F20089CE700F74A1D /* Dictionary+DisplayArranger.swift */,
				22853018200EEBD2008AD97F /* Numerics+DisplayArranger.swift */,
			);
			path = Extensions;
			sourceTree = "<group>";
		};
		229DF2FF2D6CD01D00993632 /* Sources */ = {
			isa = PBXGroup;
			children = (
				229C63FF2008583400F74A1D /* DisplayArranger */,
			);
			path = Sources;
			sourceTree = "<group>";
		};
		22EAA2B82009A8F9005D39B8 /* Pointer */ = {
			isa = PBXGroup;
			children = (
				229C64112008992500F74A1D /* PointerArray.swift */,
				22EAA2B62009695F005D39B8 /* Pointer.swift */,
			);
			path = Pointer;
			sourceTree = "<group>";
		};
		22EAA2BB2009AA78005D39B8 /* ScreenPosition */ = {
			isa = PBXGroup;
			children = (
				229C64082008638000F74A1D /* ScreenPosition.swift */,
				22EAA2B92009AA31005D39B8 /* ScreenPositions+Allowed.swift */,
				22EAA2BC2009AAA1005D39B8 /* ScreenPosition+Origin.swift */,
			);
			path = ScreenPosition;
			sourceTree = "<group>";
		};
/* End PBXGroup section */

/* Begin PBXNativeTarget section */
		229C63FC2008583400F74A1D /* display-arranger */ = {
			isa = PBXNativeTarget;
			buildConfigurationList = 229C64042008583400F74A1D /* Build configuration list for PBXNativeTarget "display-arranger" */;
			buildPhases = (
				229C63F92008583400F74A1D /* Sources */,
				229C63FA2008583400F74A1D /* Frameworks */,
				229C63FB2008583400F74A1D /* CopyFiles */,
			);
			buildRules = (
			);
			dependencies = (
			);
			name = "display-arranger";
			productName = DisplayArranger;
			productReference = 229C63FD2008583400F74A1D /* display-arranger */;
			productType = "com.apple.product-type.tool";
		};
/* End PBXNativeTarget section */

/* Begin PBXProject section */
		229C63F52008583400F74A1D /* Project object */ = {
			isa = PBXProject;
			attributes = {
				BuildIndependentTargetsInParallel = YES;
				LastSwiftUpdateCheck = 0920;
				LastUpgradeCheck = 1600;
				ORGANIZATIONNAME = "Daniel Loman";
				TargetAttributes = {
					229C63FC2008583400F74A1D = {
						CreatedOnToolsVersion = 9.2;
						ProvisioningStyle = Automatic;
					};
				};
			};
			buildConfigurationList = 229C63F82008583400F74A1D /* Build configuration list for PBXProject "DisplayArranger" */;
			compatibilityVersion = "Xcode 8.0";
			developmentRegion = en;
			hasScannedForEncodings = 0;
			knownRegions = (
				en,
			);
			mainGroup = 229C63F42008583400F74A1D;
			productRefGroup = 229C63FE2008583400F74A1D /* Products */;
			projectDirPath = "";
			projectRoot = "";
			targets = (
				229C63FC2008583400F74A1D /* display-arranger */,
			);
		};
/* End PBXProject section */

/* Begin PBXSourcesBuildPhase section */
		229C63F92008583400F74A1D /* Sources */ = {
			isa = PBXSourcesBuildPhase;
			buildActionMask = 2147483647;
			files = (
				229C64092008638000F74A1D /* ScreenPosition.swift in Sources */,
				229C6417200899E700F74A1D /* DisplayArranger+TextOutput.swift in Sources */,
				22853019200EEBD2008AD97F /* Numerics+DisplayArranger.swift in Sources */,
				22EAA2BF200C419C005D39B8 /* ArgumentRouter.swift in Sources */,
				229C641920089A0B00F74A1D /* DisplayArranger+DisplayInfo.swift in Sources */,
				22EAA2C3200DE20A005D39B8 /* IntendedPosition.swift in Sources */,
				22853015200EEA95008AD97F /* Command.swift in Sources */,
				229C64122008992500F74A1D /* PointerArray.swift in Sources */,
				22EAA2BA2009AA31005D39B8 /* ScreenPositions+Allowed.swift in Sources */,
				229C64142008999200F74A1D /* DisplayArranger+Mouse.swift in Sources */,
				229C641D20089AB000F74A1D /* DisplayArranger+ScreenPosition.swift in Sources */,
				229C6424200929B400F74A1D /* DisplayArrangerError.swift in Sources */,
				22EAA2BD2009AAA1005D39B8 /* ScreenPosition+Origin.swift in Sources */,
				22853017200EEA9D008AD97F /* CommandType.swift in Sources */,
				22EAA2C1200DE1E4005D39B8 /* PositionConfig.swift in Sources */,
				229C64012008583400F74A1D /* main.swift in Sources */,
				229C642020089CE700F74A1D /* Dictionary+DisplayArranger.swift in Sources */,
				229C641B20089A4B00F74A1D /* DisplayArranger+DisplayIds.swift in Sources */,
				229C6422200915E000F74A1D /* DisplayInfo.swift in Sources */,
				22EAA2B72009695F005D39B8 /* Pointer.swift in Sources */,
			);
			runOnlyForDeploymentPostprocessing = 0;
		};
/* End PBXSourcesBuildPhase section */

/* Begin XCBuildConfiguration section */
		229C64022008583400F74A1D /* Debug */ = {
			isa = XCBuildConfiguration;
			buildSettings = {
				ALWAYS_SEARCH_USER_PATHS = NO;
				CLANG_ANALYZER_NONNULL = YES;
				CLANG_ANALYZER_NUMBER_OBJECT_CONVERSION = YES_AGGRESSIVE;
				CLANG_CXX_LANGUAGE_STANDARD = "gnu++14";
				CLANG_CXX_LIBRARY = "libc++";
				CLANG_ENABLE_MODULES = YES;
				CLANG_ENABLE_OBJC_ARC = YES;
				CLANG_WARN_BLOCK_CAPTURE_AUTORELEASING = YES;
				CLANG_WARN_BOOL_CONVERSION = YES;
				CLANG_WARN_COMMA = YES;
				CLANG_WARN_CONSTANT_CONVERSION = YES;
				CLANG_WARN_DEPRECATED_OBJC_IMPLEMENTATIONS = YES;
				CLANG_WARN_DIRECT_OBJC_ISA_USAGE = YES_ERROR;
				CLANG_WARN_DOCUMENTATION_COMMENTS = YES;
				CLANG_WARN_EMPTY_BODY = YES;
				CLANG_WARN_ENUM_CONVERSION = YES;
				CLANG_WARN_INFINITE_RECURSION = YES;
				CLANG_WARN_INT_CONVERSION = YES;
				CLANG_WARN_NON_LITERAL_NULL_CONVERSION = YES;
				CLANG_WARN_OBJC_IMPLICIT_RETAIN_SELF = YES;
				CLANG_WARN_OBJC_LITERAL_CONVERSION = YES;
				CLANG_WARN_OBJC_ROOT_CLASS = YES_ERROR;
				CLANG_WARN_QUOTED_INCLUDE_IN_FRAMEWORK_HEADER = YES;
				CLANG_WARN_RANGE_LOOP_ANALYSIS = YES;
				CLANG_WARN_STRICT_PROTOTYPES = YES;
				CLANG_WARN_SUSPICIOUS_MOVE = YES;
				CLANG_WARN_UNGUARDED_AVAILABILITY = YES_AGGRESSIVE;
				CLANG_WARN_UNREACHABLE_CODE = YES;
				CLANG_WARN__DUPLICATE_METHOD_MATCH = YES;
				CODE_SIGN_IDENTITY = "Mac Developer";
				COPY_PHASE_STRIP = NO;
				DEAD_CODE_STRIPPING = YES;
				DEBUG_INFORMATION_FORMAT = dwarf;
				ENABLE_STRICT_OBJC_MSGSEND = YES;
				ENABLE_TESTABILITY = YES;
				ENABLE_USER_SCRIPT_SANDBOXING = YES;
				GCC_C_LANGUAGE_STANDARD = gnu11;
				GCC_DYNAMIC_NO_PIC = NO;
				GCC_NO_COMMON_BLOCKS = YES;
				GCC_OPTIMIZATION_LEVEL = 0;
				GCC_PREPROCESSOR_DEFINITIONS = (
					"DEBUG=1",
					"$(inherited)",
				);
				GCC_WARN_64_TO_32_BIT_CONVERSION = YES;
				GCC_WARN_ABOUT_RETURN_TYPE = YES_ERROR;
				GCC_WARN_UNDECLARED_SELECTOR = YES;
				GCC_WARN_UNINITIALIZED_AUTOS = YES_AGGRESSIVE;
				GCC_WARN_UNUSED_FUNCTION = YES;
				GCC_WARN_UNUSED_VARIABLE = YES;
				MACOSX_DEPLOYMENT_TARGET = 10.13;
				MTL_ENABLE_DEBUG_INFO = YES;
				ONLY_ACTIVE_ARCH = YES;
				SDKROOT = macosx;
				SWIFT_ACTIVE_COMPILATION_CONDITIONS = DEBUG;
				SWIFT_OPTIMIZATION_LEVEL = "-Onone";
			};
			name = Debug;
		};
		229C64032008583400F74A1D /* Release */ = {
			isa = XCBuildConfiguration;
			buildSettings = {
				ALWAYS_SEARCH_USER_PATHS = NO;
				CLANG_ANALYZER_NONNULL = YES;
				CLANG_ANALYZER_NUMBER_OBJECT_CONVERSION = YES_AGGRESSIVE;
				CLANG_CXX_LANGUAGE_STANDARD = "gnu++14";
				CLANG_CXX_LIBRARY = "libc++";
				CLANG_ENABLE_MODULES = YES;
				CLANG_ENABLE_OBJC_ARC = YES;
				CLANG_WARN_BLOCK_CAPTURE_AUTORELEASING = YES;
				CLANG_WARN_BOOL_CONVERSION = YES;
				CLANG_WARN_COMMA = YES;
				CLANG_WARN_CONSTANT_CONVERSION = YES;
				CLANG_WARN_DEPRECATED_OBJC_IMPLEMENTATIONS = YES;
				CLANG_WARN_DIRECT_OBJC_ISA_USAGE = YES_ERROR;
				CLANG_WARN_DOCUMENTATION_COMMENTS = YES;
				CLANG_WARN_EMPTY_BODY = YES;
				CLANG_WARN_ENUM_CONVERSION = YES;
				CLANG_WARN_INFINITE_RECURSION = YES;
				CLANG_WARN_INT_CONVERSION = YES;
				CLANG_WARN_NON_LITERAL_NULL_CONVERSION = YES;
				CLANG_WARN_OBJC_IMPLICIT_RETAIN_SELF = YES;
				CLANG_WARN_OBJC_LITERAL_CONVERSION = YES;
				CLANG_WARN_OBJC_ROOT_CLASS = YES_ERROR;
				CLANG_WARN_QUOTED_INCLUDE_IN_FRAMEWORK_HEADER = YES;
				CLANG_WARN_RANGE_LOOP_ANALYSIS = YES;
				CLANG_WARN_STRICT_PROTOTYPES = YES;
				CLANG_WARN_SUSPICIOUS_MOVE = YES;
				CLANG_WARN_UNGUARDED_AVAILABILITY = YES_AGGRESSIVE;
				CLANG_WARN_UNREACHABLE_CODE = YES;
				CLANG_WARN__DUPLICATE_METHOD_MATCH = YES;
				CODE_SIGN_IDENTITY = "Mac Developer";
				COPY_PHASE_STRIP = NO;
				DEAD_CODE_STRIPPING = YES;
				DEBUG_INFORMATION_FORMAT = "dwarf-with-dsym";
				ENABLE_NS_ASSERTIONS = NO;
				ENABLE_STRICT_OBJC_MSGSEND = YES;
				ENABLE_USER_SCRIPT_SANDBOXING = YES;
				GCC_C_LANGUAGE_STANDARD = gnu11;
				GCC_NO_COMMON_BLOCKS = YES;
				GCC_WARN_64_TO_32_BIT_CONVERSION = YES;
				GCC_WARN_ABOUT_RETURN_TYPE = YES_ERROR;
				GCC_WARN_UNDECLARED_SELECTOR = YES;
				GCC_WARN_UNINITIALIZED_AUTOS = YES_AGGRESSIVE;
				GCC_WARN_UNUSED_FUNCTION = YES;
				GCC_WARN_UNUSED_VARIABLE = YES;
				MACOSX_DEPLOYMENT_TARGET = 10.13;
				MTL_ENABLE_DEBUG_INFO = NO;
				SDKROOT = macosx;
				SWIFT_COMPILATION_MODE = wholemodule;
				SWIFT_OPTIMIZATION_LEVEL = "-O";
			};
			name = Release;
		};
		229C64052008583400F74A1D /* Debug */ = {
			isa = XCBuildConfiguration;
			buildSettings = {
				CODE_SIGN_STYLE = Automatic;
				DEAD_CODE_STRIPPING = YES;
				DEVELOPMENT_TEAM = 92AC5VS8HG;
				INFOPLIST_FILE = "$(SRCROOT)/DisplayArranger/Info.plist";
				MACOSX_DEPLOYMENT_TARGET = 11.0;
				PRODUCT_BUNDLE_IDENTIFIER = "com.display-arranger";
				PRODUCT_NAME = "$(TARGET_NAME)";
				SWIFT_VERSION = 4.0;
			};
			name = Debug;
		};
		229C64062008583400F74A1D /* Release */ = {
			isa = XCBuildConfiguration;
			buildSettings = {
				CODE_SIGN_STYLE = Automatic;
				DEAD_CODE_STRIPPING = YES;
				DEVELOPMENT_TEAM = 92AC5VS8HG;
				INFOPLIST_FILE = "$(SRCROOT)/DisplayArranger/Info.plist";
				MACOSX_DEPLOYMENT_TARGET = 11.0;
				PRODUCT_BUNDLE_IDENTIFIER = "com.display-arranger";
				PRODUCT_NAME = "$(TARGET_NAME)";
				SWIFT_VERSION = 4.0;
			};
			name = Release;
		};
/* End XCBuildConfiguration section */

/* Begin XCConfigurationList section */
		229C63F82008583400F74A1D /* Build configuration list for PBXProject "DisplayArranger" */ = {
			isa = XCConfigurationList;
			buildConfigurations = (
				229C64022008583400F74A1D /* Debug */,
				229C64032008583400F74A1D /* Release */,
			);
			defaultConfigurationIsVisible = 0;
			defaultConfigurationName = Release;
		};
		229C64042008583400F74A1D /* Build configuration list for PBXNativeTarget "display-arranger" */ = {
			isa = XCConfigurationList;
			buildConfigurations = (
				229C64052008583400F74A1D /* Debug */,
				229C64062008583400F74A1D /* Release */,
			);
			defaultConfigurationIsVisible = 0;
			defaultConfigurationName = Release;
		};
/* End XCConfigurationList section */
	};
	rootObject = 229C63F52008583400F74A1D /* Project object */;
}
